
Microsoft Visual Studio Solution File, Format Version 12.00
# Visual Studio Version 17
VisualStudioVersion = 17.1.32421.90
MinimumVisualStudioVersion = 10.0.40219.1
Project("{9A19103F-16F7-4668-BE54-9A1E7A4F7556}") = "PizzaPlace_2022.Server", "PizzaPlace_2022\Server\PizzaPlace_2022.Server.csproj", "{14E45677-C777-4496-B5BB-2655DA6D0A88}"
EndProject
Project("{9A19103F-16F7-4668-BE54-9A1E7A4F7556}") = "PizzaPlace_2022.Client", "PizzaPlace_2022\Client\PizzaPlace_2022.Client.csproj", "{6DAB1C03-23BC-4DF2-AABC-AEC2FFBD61B7}"
EndProject
Project("{9A19103F-16F7-4668-BE54-9A1E7A4F7556}") = "PizzaPlace_2022.Shared", "PizzaPlace_2022\Shared\PizzaPlace_2022.Shared.csproj", "{5A0B98AC-9E2D-47F9-BDD7-1223ED8AF2B5}"
EndProject
Global
	GlobalSection(SolutionConfigurationPlatforms) = preSolution
		Debug|Any CPU = Debug|Any CPU
		Release|Any CPU = Release|Any CPU
	EndGlobalSection
	GlobalSection(ProjectConfigurationPlatforms) = postSolution
		{14E45677-C777-4496-B5BB-2655DA6D0A88}.Debug|Any CPU.ActiveCfg = Debug|Any CPU
		{14E45677-C777-4496-B5BB-2655DA6D0A88}.Debug|Any CPU.Build.0 = Debug|Any CPU
		{14E45677-C777-4496-B5BB-2655DA6D0A88}.Release|Any CPU.ActiveCfg = Release|Any CPU
		{14E45677-C777-4496-B5BB-2655DA6D0A88}.Release|Any CPU.Build.0 = Release|Any CPU
		{6DAB1C03-23BC-4DF2-AABC-AEC2FFBD61B7}.Debug|Any CPU.ActiveCfg = Debug|Any CPU
		{6DAB1C03-23BC-4DF2-AABC-AEC2FFBD61B7}.Debug|Any CPU.Build.0 = Debug|Any CPU
		{6DAB1C03-23BC-4DF2-AABC-AEC2FFBD61B7}.Release|Any CPU.ActiveCfg = Release|Any CPU
		{6DAB1C03-23BC-4DF2-AABC-AEC2FFBD61B7}.Release|Any CPU.Build.0 = Release|Any CPU
		{5A0B98AC-9E2D-47F9-BDD7-1223ED8AF2B5}.Debug|Any CPU.ActiveCfg = Debug|Any CPU
		{5A0B98AC-9E2D-47F9-BDD7-1223ED8AF2B5}.Debug|Any CPU.Build.0 = Debug|Any CPU
		{5A0B98AC-9E2D-47F9-BDD7-1223ED8AF2B5}.Release|Any CPU.ActiveCfg = Release|Any CPU
		{5A0B98AC-9E2D-47F9-BDD7-1223ED8AF2B5}.Release|Any CPU.Build.0 = Release|Any CPU
	EndGlobalSection
	GlobalSection(SolutionProperties) = preSolution
		HideSolutionNode = FALSE
	EndGlobalSection
	GlobalSection(ExtensibilityGlobals) = postSolution
		SolutionGuid = {F27A8066-5138-4E5F-866F-591DB7066104}
	EndGlobalSection
EndGlobal
